
Microsoft Visual Studio Solution File, Format Version 12.00
# Visual Studio 15
VisualStudioVersion = 15.0.27130.2024
MinimumVisualStudioVersion = 10.0.40219.1
Project("{FAE04EC0-301F-11D3-BF4B-00C04F79EFBC}") = "oraplm", "oraplm\oraplm.csproj", "{09A38A8C-4316-4E92-A985-36304A41631F}"
EndProject
Global
	GlobalSection(SolutionConfigurationPlatforms) = preSolution
		Debug|Any CPU = Debug|Any CPU
		Release|Any CPU = Release|Any CPU
	EndGlobalSection
	GlobalSection(ProjectConfigurationPlatforms) = postSolution
		{09A38A8C-4316-4E92-A985-36304A41631F}.Debug|Any CPU.ActiveCfg = Debug|Any CPU
		{09A38A8C-4316-4E92-A985-36304A41631F}.Debug|Any CPU.Build.0 = Debug|Any CPU
		{09A38A8C-4316-4E92-A985-36304A41631F}.Release|Any CPU.ActiveCfg = Release|Any CPU
		{09A38A8C-4316-4E92-A985-36304A41631F}.Release|Any CPU.Build.0 = Release|Any CPU
	EndGlobalSection
	GlobalSection(SolutionProperties) = preSolution
		HideSolutionNode = FALSE
	EndGlobalSection
	GlobalSection(ExtensibilityGlobals) = postSolution
		SolutionGuid = {3375D1B5-C532-4C16-A8F1-4648CDE1E83F}
	EndGlobalSection
EndGlobal
